// !$*UTF8*$!
{
	archiveVersion = 1;
	classes = {
	};
	objectVersion = 77;
	objects = {

/* Begin PBXBuildFile section */
		08B27903A8BDC4667DAEDCAE /* WidgetExtension.appex in Embed Foundation Extensions */ = {isa = PBXBuildFile; fileRef = F5EC97CF9B635926B756EDE7 /* WidgetExtension.appex */; settings = {ATTRIBUTES = (RemoveHeadersOnCopy, ); }; };
		10490E49D9FD3DC6069F101F /* TimerMusic.swift in Sources */ = {isa = PBXBuildFile; fileRef = 64BE47C9171723666D4987B6 /* TimerMusic.swift */; };
		1E58EBD355CD262905414C5B /* TimerView.swift in Sources */ = {isa = PBXBuildFile; fileRef = DF99E57239D4D71B87840235 /* TimerView.swift */; };
		2E61AA6885F159A58591C278 /* StickyNoteView.swift in Sources */ = {isa = PBXBuildFile; fileRef = D93BDEA48650FA7A04F708DB /* StickyNoteView.swift */; };
		4520B10FC76C4332457425D1 /* Models.swift in Sources */ = {isa = PBXBuildFile; fileRef = 85B18F240C26BA63598B84FC /* Models.swift */; };
		527464F65BA38CE5061C8CAF /* RemoteProtocol.swift in Sources */ = {isa = PBXBuildFile; fileRef = 3E05D8C7A25A123688734D95 /* RemoteProtocol.swift */; };
		566692F340340208C97269A2 /* LeeoKit in Frameworks */ = {isa = PBXBuildFile; productRef = 9205B987B4BB72ED1752239A /* LeeoKit */; };
		651F1EABC44F17252FC30D69 /* Localizable.strings in Resources */ = {isa = PBXBuildFile; fileRef = 867222F23B73DA3053C389C6 /* Localizable.strings */; };
		67CA2B74D4B805FEEA4EEB41 /* WidgetBundle.swift in Sources */ = {isa = PBXBuildFile; fileRef = 693CDC6530CDA0FE07D952D5 /* WidgetBundle.swift */; };
		67D3A00AFE0F87842E702003 /* Widget.swift in Sources */ = {isa = PBXBuildFile; fileRef = 8D466572AD7F3D57FAAA5F5E /* Widget.swift */; };
		74C5E04A0EAFD46C9EDEC500 /* SharedTimerStore.swift in Sources */ = {isa = PBXBuildFile; fileRef = BF9684AB311403806FC69164 /* SharedTimerStore.swift */; };
		913A9E80196553D08A72B789 /* StickyPresenterSpec.swift in Sources */ = {isa = PBXBuildFile; fileRef = 018C95EA063E261ED87C0981 /* StickyPresenterSpec.swift */; };
		9247BED7BC2C17F8896286B4 /* WidgetSync.swift in Sources */ = {isa = PBXBuildFile; fileRef = 52DA15621F87984BF287F7FA /* WidgetSync.swift */; };
		9D6A8492D0BBAE1E570437AE /* InfoPlist.strings in Resources */ = {isa = PBXBuildFile; fileRef = 8E634D877A12C3F0D9819D2E /* InfoPlist.strings */; };
		9FF93CE7F5C60CE0290F7437 /* Assets.xcassets in Resources */ = {isa = PBXBuildFile; fileRef = 57FC43C738503D17298F0CA1 /* Assets.xcassets */; };
		A9EF416AACC3D9A7D56A6617 /* SharedTimerStore.swift in Sources */ = {isa = PBXBuildFile; fileRef = BF9684AB311403806FC69164 /* SharedTimerStore.swift */; };
		B5D0F89CCD92645255B1CB9A /* Chameleon.swift in Sources */ = {isa = PBXBuildFile; fileRef = B7FB6F6D1A78520DC119C6AB /* Chameleon.swift */; };
		B5D2738A610477EAFEF6E4E1 /* StickyPresenterApp.swift in Sources */ = {isa = PBXBuildFile; fileRef = BB4D2110261E5FD4C4CFCBE4 /* StickyPresenterApp.swift */; };
		B63BDC58CD1293E445AB75E6 /* Localization.swift in Sources */ = {isa = PBXBuildFile; fileRef = 7A806401B4BBE35486188185 /* Localization.swift */; };
		BC840BD162FFD3FABCABF04E /* StickyPresenterSupportView.swift in Sources */ = {isa = PBXBuildFile; fileRef = 8833C5645EA406C1B6D374FD /* StickyPresenterSupportView.swift */; };
		BD8A0E985F4D66222881B1A3 /* NoteManager.swift in Sources */ = {isa = PBXBuildFile; fileRef = EF4329275C9703866DAC1970 /* NoteManager.swift */; };
		BE31FD5D6A30DDD8F23DAB90 /* Localizable.strings in Resources */ = {isa = PBXBuildFile; fileRef = 90C2E058AF8A1FEEEF2198FE /* Localizable.strings */; };
		C49175346F5F311A0A3ADCFB /* Localization.swift in Sources */ = {isa = PBXBuildFile; fileRef = 7A806401B4BBE35486188185 /* Localization.swift */; };
		C98F6A75B3B17F66D056B410 /* TimerSnapshot.swift in Sources */ = {isa = PBXBuildFile; fileRef = 67845E0D54867A0253FA4103 /* TimerSnapshot.swift */; };
		E9BFA213E83CB28DC1EA35A5 /* RemoteProtocol.swift in Sources */ = {isa = PBXBuildFile; fileRef = 3E05D8C7A25A123688734D95 /* RemoteProtocol.swift */; };
		EB726DD65BF02AA8752E7FAC /* RemoteControlHost.swift in Sources */ = {isa = PBXBuildFile; fileRef = E3F4580427FCCBD2EA23BB00 /* RemoteControlHost.swift */; };
		F70D0A179ADFB07064549AF1 /* TeleprompterView.swift in Sources */ = {isa = PBXBuildFile; fileRef = E071E9DE16ADEA99C6891E0B /* TeleprompterView.swift */; };
		F9CA84B6EA1EA015CC5974F6 /* TimerSnapshot.swift in Sources */ = {isa = PBXBuildFile; fileRef = 67845E0D54867A0253FA4103 /* TimerSnapshot.swift */; };
		FD24403C7B6C1997E5A41B7A /* Assets.xcassets in Resources */ = {isa = PBXBuildFile; fileRef = 410D2C3E3B48D9CF561B79A0 /* Assets.xcassets */; };
/* End PBXBuildFile section */

/* Begin PBXContainerItemProxy section */
		1E097489A1D8DF2D4F55D26D /* PBXContainerItemProxy */ = {
			isa = PBXContainerItemProxy;
			containerPortal = 82FC3E309B7A314612293C39 /* Project object */;
			proxyType = 1;
			remoteGlobalIDString = E4F6564706096DCB21306D05;
			remoteInfo = WidgetExtension;
		};
/* End PBXContainerItemProxy section */

/* Begin PBXCopyFilesBuildPhase section */
		F84729AA065AD4AEFCA91172 /* Embed Foundation Extensions */ = {
			isa = PBXCopyFilesBuildPhase;
			buildActionMask = 2147483647;
			dstPath = "";
			dstSubfolderSpec = 13;
			files = (
				08B27903A8BDC4667DAEDCAE /* WidgetExtension.appex in Embed Foundation Extensions */,
			);
			name = "Embed Foundation Extensions";
			runOnlyForDeploymentPostprocessing = 0;
		};
/* End PBXCopyFilesBuildPhase section */

/* Begin PBXFileReference section */
		018C95EA063E261ED87C0981 /* StickyPresenterSpec.swift */ = {isa = PBXFileReference; lastKnownFileType = sourcecode.swift; path = StickyPresenterSpec.swift; sourceTree = "<group>"; };
		13C3EEFCEFE7D5C993A311A0 /* StickyPresenter.app */ = {isa = PBXFileReference; explicitFileType = wrapper.application; includeInIndex = 0; path = StickyPresenter.app; sourceTree = BUILT_PRODUCTS_DIR; };
		312675C1518292474C1BFBC6 /* en */ = {isa = PBXFileReference; lastKnownFileType = text.plist.strings; name = en; path = en.lproj/Localizable.strings; sourceTree = "<group>"; };
		3E05D8C7A25A123688734D95 /* RemoteProtocol.swift */ = {isa = PBXFileReference; lastKnownFileType = sourcecode.swift; path = RemoteProtocol.swift; sourceTree = "<group>"; };
		410D2C3E3B48D9CF561B79A0 /* Assets.xcassets */ = {isa = PBXFileReference; lastKnownFileType = folder.assetcatalog; path = Assets.xcassets; sourceTree = "<group>"; };
		52DA15621F87984BF287F7FA /* WidgetSync.swift */ = {isa = PBXFileReference; lastKnownFileType = sourcecode.swift; path = WidgetSync.swift; sourceTree = "<group>"; };
		57FC43C738503D17298F0CA1 /* Assets.xcassets */ = {isa = PBXFileReference; lastKnownFileType = folder.assetcatalog; path = Assets.xcassets; sourceTree = "<group>"; };
		64BE47C9171723666D4987B6 /* TimerMusic.swift */ = {isa = PBXFileReference; lastKnownFileType = sourcecode.swift; path = TimerMusic.swift; sourceTree = "<group>"; };
		67845E0D54867A0253FA4103 /* TimerSnapshot.swift */ = {isa = PBXFileReference; lastKnownFileType = sourcecode.swift; path = TimerSnapshot.swift; sourceTree = "<group>"; };
		693CDC6530CDA0FE07D952D5 /* WidgetBundle.swift */ = {isa = PBXFileReference; lastKnownFileType = sourcecode.swift; path = WidgetBundle.swift; sourceTree = "<group>"; };
		749CA46C847BD62EFF75A4B8 /* ko */ = {isa = PBXFileReference; lastKnownFileType = text.plist.strings; name = ko; path = ko.lproj/Localizable.strings; sourceTree = "<group>"; };
		7A806401B4BBE35486188185 /* Localization.swift */ = {isa = PBXFileReference; lastKnownFileType = sourcecode.swift; path = Localization.swift; sourceTree = "<group>"; };
		85B18F240C26BA63598B84FC /* Models.swift */ = {isa = PBXFileReference; lastKnownFileType = sourcecode.swift; path = Models.swift; sourceTree = "<group>"; };
		8833C5645EA406C1B6D374FD /* StickyPresenterSupportView.swift */ = {isa = PBXFileReference; lastKnownFileType = sourcecode.swift; path = StickyPresenterSupportView.swift; sourceTree = "<group>"; };
		8D466572AD7F3D57FAAA5F5E /* Widget.swift */ = {isa = PBXFileReference; lastKnownFileType = sourcecode.swift; path = Widget.swift; sourceTree = "<group>"; };
		B7FB6F6D1A78520DC119C6AB /* Chameleon.swift */ = {isa = PBXFileReference; lastKnownFileType = sourcecode.swift; path = Chameleon.swift; sourceTree = "<group>"; };
		BB4D2110261E5FD4C4CFCBE4 /* StickyPresenterApp.swift */ = {isa = PBXFileReference; lastKnownFileType = sourcecode.swift; path = StickyPresenterApp.swift; sourceTree = "<group>"; };
		BF9684AB311403806FC69164 /* SharedTimerStore.swift */ = {isa = PBXFileReference; lastKnownFileType = sourcecode.swift; path = SharedTimerStore.swift; sourceTree = "<group>"; };
		C47DA7B7091E5ED0295E1749 /* ko */ = {isa = PBXFileReference; lastKnownFileType = text.plist.strings; name = ko; path = ko.lproj/Localizable.strings; sourceTree = "<group>"; };
		C9EFE16B5CE392B1F3E77188 /* en */ = {isa = PBXFileReference; lastKnownFileType = text.plist.strings; name = en; path = en.lproj/Localizable.strings; sourceTree = "<group>"; };
		D93BDEA48650FA7A04F708DB /* StickyNoteView.swift */ = {isa = PBXFileReference; lastKnownFileType = sourcecode.swift; path = StickyNoteView.swift; sourceTree = "<group>"; };
		DF99E57239D4D71B87840235 /* TimerView.swift */ = {isa = PBXFileReference; lastKnownFileType = sourcecode.swift; path = TimerView.swift; sourceTree = "<group>"; };
		E071E9DE16ADEA99C6891E0B /* TeleprompterView.swift */ = {isa = PBXFileReference; lastKnownFileType = sourcecode.swift; path = TeleprompterView.swift; sourceTree = "<group>"; };
		E3F4580427FCCBD2EA23BB00 /* RemoteControlHost.swift */ = {isa = PBXFileReference; lastKnownFileType = sourcecode.swift; path = RemoteControlHost.swift; sourceTree = "<group>"; };
		ED2A42E9FAB6967F3FCB5749 /* en */ = {isa = PBXFileReference; lastKnownFileType = text.plist.strings; name = en; path = en.lproj/InfoPlist.strings; sourceTree = "<group>"; };
		EF4329275C9703866DAC1970 /* NoteManager.swift */ = {isa = PBXFileReference; lastKnownFileType = sourcecode.swift; path = NoteManager.swift; sourceTree = "<group>"; };
		F1F693E1CBCB5DD0A681806F /* Info.plist */ = {isa = PBXFileReference; lastKnownFileType = text.plist; path = Info.plist; sourceTree = "<group>"; };
		F2889143E8B779069C3C51EA /* ko */ = {isa = PBXFileReference; lastKnownFileType = text.plist.strings; name = ko; path = ko.lproj/InfoPlist.strings; sourceTree = "<group>"; };
		F5EC97CF9B635926B756EDE7 /* WidgetExtension.appex */ = {isa = PBXFileReference; explicitFileType = "wrapper.app-extension"; includeInIndex = 0; path = WidgetExtension.appex; sourceTree = BUILT_PRODUCTS_DIR; };
/* End PBXFileReference section */

/* Begin PBXFrameworksBuildPhase section */
		CF6870F170B4B360DAFBD2AA /* Frameworks */ = {
			isa = PBXFrameworksBuildPhase;
			buildActionMask = 2147483647;
			files = (
				566692F340340208C97269A2 /* LeeoKit in Frameworks */,
			);
			runOnlyForDeploymentPostprocessing = 0;
		};
/* End PBXFrameworksBuildPhase section */

/* Begin PBXGroup section */
		3ADF417140C9F07A946E64C3 /* Products */ = {
			isa = PBXGroup;
			children = (
				13C3EEFCEFE7D5C993A311A0 /* StickyPresenter.app */,
				F5EC97CF9B635926B756EDE7 /* WidgetExtension.appex */,
			);
			name = Products;
			sourceTree = "<group>";
		};
		7BCAE0F27A18C7ABDB17C839 /* StickyPresenter */ = {
			isa = PBXGroup;
			children = (
				410D2C3E3B48D9CF561B79A0 /* Assets.xcassets */,
				B7FB6F6D1A78520DC119C6AB /* Chameleon.swift */,
				F1F693E1CBCB5DD0A681806F /* Info.plist */,
				85B18F240C26BA63598B84FC /* Models.swift */,
				EF4329275C9703866DAC1970 /* NoteManager.swift */,
				E3F4580427FCCBD2EA23BB00 /* RemoteControlHost.swift */,
				D93BDEA48650FA7A04F708DB /* StickyNoteView.swift */,
				BB4D2110261E5FD4C4CFCBE4 /* StickyPresenterApp.swift */,
				018C95EA063E261ED87C0981 /* StickyPresenterSpec.swift */,
				8833C5645EA406C1B6D374FD /* StickyPresenterSupportView.swift */,
				E071E9DE16ADEA99C6891E0B /* TeleprompterView.swift */,
				64BE47C9171723666D4987B6 /* TimerMusic.swift */,
				DF99E57239D4D71B87840235 /* TimerView.swift */,
				52DA15621F87984BF287F7FA /* WidgetSync.swift */,
				9A3CC110BE65138F17DF3924 /* Resources */,
			);
			path = StickyPresenter;
			sourceTree = "<group>";
		};
		93B576DEF5BFEEBEEF479A36 = {
			isa = PBXGroup;
			children = (
				DA0B2E4013F037079BEEEDA4 /* Shared */,
				7BCAE0F27A18C7ABDB17C839 /* StickyPresenter */,
				DCCA3FAB764E76769CF9EDF1 /* Widget */,
				3ADF417140C9F07A946E64C3 /* Products */,
			);
			sourceTree = "<group>";
		};
		9A3CC110BE65138F17DF3924 /* Resources */ = {
			isa = PBXGroup;
			children = (
				8E634D877A12C3F0D9819D2E /* InfoPlist.strings */,
				867222F23B73DA3053C389C6 /* Localizable.strings */,
			);
			path = Resources;
			sourceTree = "<group>";
		};
		9D41BDA28319F0C8059713DD /* Resources */ = {
			isa = PBXGroup;
			children = (
				90C2E058AF8A1FEEEF2198FE /* Localizable.strings */,
			);
			path = Resources;
			sourceTree = "<group>";
		};
		DA0B2E4013F037079BEEEDA4 /* Shared */ = {
			isa = PBXGroup;
			children = (
				7A806401B4BBE35486188185 /* Localization.swift */,
				3E05D8C7A25A123688734D95 /* RemoteProtocol.swift */,
				BF9684AB311403806FC69164 /* SharedTimerStore.swift */,
				67845E0D54867A0253FA4103 /* TimerSnapshot.swift */,
			);
			path = Shared;
			sourceTree = "<group>";
		};
		DCCA3FAB764E76769CF9EDF1 /* Widget */ = {
			isa = PBXGroup;
			children = (
				57FC43C738503D17298F0CA1 /* Assets.xcassets */,
				8D466572AD7F3D57FAAA5F5E /* Widget.swift */,
				693CDC6530CDA0FE07D952D5 /* WidgetBundle.swift */,
				9D41BDA28319F0C8059713DD /* Resources */,
			);
			path = Widget;
			sourceTree = "<group>";
		};
/* End PBXGroup section */

/* Begin PBXNativeTarget section */
		44900E0A1F5605936678A9A9 /* StickyPresenter */ = {
			isa = PBXNativeTarget;
			buildConfigurationList = E915D4E9C715945511F0DDAB /* Build configuration list for PBXNativeTarget "StickyPresenter" */;
			buildPhases = (
				131743CEEF115C44EDB569D2 /* Sources */,
				6EC80E7FF58A0A48423D75EE /* Resources */,
				CF6870F170B4B360DAFBD2AA /* Frameworks */,
				F84729AA065AD4AEFCA91172 /* Embed Foundation Extensions */,
			);
			buildRules = (
			);
			dependencies = (
				89727CB2A57DB70C606D4D5E /* PBXTargetDependency */,
			);
			name = StickyPresenter;
			packageProductDependencies = (
				9205B987B4BB72ED1752239A /* LeeoKit */,
			);
			productName = StickyPresenter;
			productReference = 13C3EEFCEFE7D5C993A311A0 /* StickyPresenter.app */;
			productType = "com.apple.product-type.application";
		};
		E4F6564706096DCB21306D05 /* WidgetExtension */ = {
			isa = PBXNativeTarget;
			buildConfigurationList = 1B7691E65272FF4D9887FDB4 /* Build configuration list for PBXNativeTarget "WidgetExtension" */;
			buildPhases = (
				D332860A34CFDA4C92F37C3D /* Sources */,
				4673931DACCC2A9E3E71DAB5 /* Resources */,
			);
			buildRules = (
			);
			dependencies = (
			);
			name = WidgetExtension;
			packageProductDependencies = (
			);
			productName = WidgetExtension;
			productReference = F5EC97CF9B635926B756EDE7 /* WidgetExtension.appex */;
			productType = "com.apple.product-type.app-extension";
		};
/* End PBXNativeTarget section */

/* Begin PBXProject section */
		82FC3E309B7A314612293C39 /* Project object */ = {
			isa = PBXProject;
			attributes = {
				BuildIndependentTargetsInParallel = YES;
				LastUpgradeCheck = 1500;
				TargetAttributes = {
					44900E0A1F5605936678A9A9 = {
						DevelopmentTeam = QGAQ3AY3R3;
						ProvisioningStyle = Automatic;
					};
					E4F6564706096DCB21306D05 = {
						DevelopmentTeam = QGAQ3AY3R3;
						ProvisioningStyle = Automatic;
					};
				};
			};
			buildConfigurationList = 68049B4B9F0D2A5E0338C590 /* Build configuration list for PBXProject "StickyPresenter" */;
			compatibilityVersion = "Xcode 14.0";
			developmentRegion = en;
			hasScannedForEncodings = 0;
			knownRegions = (
				Base,
				en,
				ko,
			);
			mainGroup = 93B576DEF5BFEEBEEF479A36;
			minimizedProjectReferenceProxies = 1;
			packageReferences = (
				A84C16C6E41292AE50884A0D /* XCRemoteSwiftPackageReference "LeeoKit" */,
			);
			preferredProjectObjectVersion = 77;
			projectDirPath = "";
			projectRoot = "";
			targets = (
				44900E0A1F5605936678A9A9 /* StickyPresenter */,
				E4F6564706096DCB21306D05 /* WidgetExtension */,
			);
		};
/* End PBXProject section */

/* Begin PBXResourcesBuildPhase section */
		4673931DACCC2A9E3E71DAB5 /* Resources */ = {
			isa = PBXResourcesBuildPhase;
			buildActionMask = 2147483647;
			files = (
				9FF93CE7F5C60CE0290F7437 /* Assets.xcassets in Resources */,
				BE31FD5D6A30DDD8F23DAB90 /* Localizable.strings in Resources */,
			);
			runOnlyForDeploymentPostprocessing = 0;
		};
		6EC80E7FF58A0A48423D75EE /* Resources */ = {
			isa = PBXResourcesBuildPhase;
			buildActionMask = 2147483647;
			files = (
				FD24403C7B6C1997E5A41B7A /* Assets.xcassets in Resources */,
				9D6A8492D0BBAE1E570437AE /* InfoPlist.strings in Resources */,
				651F1EABC44F17252FC30D69 /* Localizable.strings in Resources */,
			);
			runOnlyForDeploymentPostprocessing = 0;
		};
/* End PBXResourcesBuildPhase section */

/* Begin PBXSourcesBuildPhase section */
		131743CEEF115C44EDB569D2 /* Sources */ = {
			isa = PBXSourcesBuildPhase;
			buildActionMask = 2147483647;
			files = (
				B5D0F89CCD92645255B1CB9A /* Chameleon.swift in Sources */,
				B63BDC58CD1293E445AB75E6 /* Localization.swift in Sources */,
				4520B10FC76C4332457425D1 /* Models.swift in Sources */,
				BD8A0E985F4D66222881B1A3 /* NoteManager.swift in Sources */,
				EB726DD65BF02AA8752E7FAC /* RemoteControlHost.swift in Sources */,
				527464F65BA38CE5061C8CAF /* RemoteProtocol.swift in Sources */,
				74C5E04A0EAFD46C9EDEC500 /* SharedTimerStore.swift in Sources */,
				2E61AA6885F159A58591C278 /* StickyNoteView.swift in Sources */,
				B5D2738A610477EAFEF6E4E1 /* StickyPresenterApp.swift in Sources */,
				913A9E80196553D08A72B789 /* StickyPresenterSpec.swift in Sources */,
				BC840BD162FFD3FABCABF04E /* StickyPresenterSupportView.swift in Sources */,
				F70D0A179ADFB07064549AF1 /* TeleprompterView.swift in Sources */,
				10490E49D9FD3DC6069F101F /* TimerMusic.swift in Sources */,
				C98F6A75B3B17F66D056B410 /* TimerSnapshot.swift in Sources */,
				1E58EBD355CD262905414C5B /* TimerView.swift in Sources */,
				9247BED7BC2C17F8896286B4 /* WidgetSync.swift in Sources */,
			);
			runOnlyForDeploymentPostprocessing = 0;
		};
		D332860A34CFDA4C92F37C3D /* Sources */ = {
			isa = PBXSourcesBuildPhase;
			buildActionMask = 2147483647;
			files = (
				C49175346F5F311A0A3ADCFB /* Localization.swift in Sources */,
				E9BFA213E83CB28DC1EA35A5 /* RemoteProtocol.swift in Sources */,
				A9EF416AACC3D9A7D56A6617 /* SharedTimerStore.swift in Sources */,
				F9CA84B6EA1EA015CC5974F6 /* TimerSnapshot.swift in Sources */,
				67D3A00AFE0F87842E702003 /* Widget.swift in Sources */,
				67CA2B74D4B805FEEA4EEB41 /* WidgetBundle.swift in Sources */,
			);
			runOnlyForDeploymentPostprocessing = 0;
		};
/* End PBXSourcesBuildPhase section */

/* Begin PBXTargetDependency section */
		89727CB2A57DB70C606D4D5E /* PBXTargetDependency */ = {
			isa = PBXTargetDependency;
			target = E4F6564706096DCB21306D05 /* WidgetExtension */;
			targetProxy = 1E097489A1D8DF2D4F55D26D /* PBXContainerItemProxy */;
		};
/* End PBXTargetDependency section */

/* Begin PBXVariantGroup section */
		867222F23B73DA3053C389C6 /* Localizable.strings */ = {
			isa = PBXVariantGroup;
			children = (
				C9EFE16B5CE392B1F3E77188 /* en */,
				C47DA7B7091E5ED0295E1749 /* ko */,
			);
			name = Localizable.strings;
			sourceTree = "<group>";
		};
		8E634D877A12C3F0D9819D2E /* InfoPlist.strings */ = {
			isa = PBXVariantGroup;
			children = (
				ED2A42E9FAB6967F3FCB5749 /* en */,
				F2889143E8B779069C3C51EA /* ko */,
			);
			name = InfoPlist.strings;
			sourceTree = "<group>";
		};
		90C2E058AF8A1FEEEF2198FE /* Localizable.strings */ = {
			isa = PBXVariantGroup;
			children = (
				312675C1518292474C1BFBC6 /* en */,
				749CA46C847BD62EFF75A4B8 /* ko */,
			);
			name = Localizable.strings;
			sourceTree = "<group>";
		};
/* End PBXVariantGroup section */

/* Begin XCBuildConfiguration section */
		61589A6A844DBA4D2E70611E /* Debug */ = {
			isa = XCBuildConfiguration;
			buildSettings = {
				ASSETCATALOG_COMPILER_APPICON_NAME = AppIcon;
				CODE_SIGN_ENTITLEMENTS = StickyPresenter/StickyPresenter.entitlements;
				CODE_SIGN_STYLE = Automatic;
				COMBINE_HIDPI_IMAGES = YES;
				DEBUG_INFORMATION_FORMAT = dwarf;
				DEVELOPMENT_TEAM = QGAQ3AY3R3;
				ENABLE_APP_SANDBOX = NO;
				ENABLE_HARDENED_RUNTIME = YES;
				INFOPLIST_FILE = StickyPresenter/Info.plist;
				LD_RUNPATH_SEARCH_PATHS = (
					"$(inherited)",
					"@executable_path/../Frameworks",
				);
				MACOSX_DEPLOYMENT_TARGET = 14.0;
				PRODUCT_BUNDLE_IDENTIFIER = com.leeo.StickyPresenter;
				SDKROOT = macosx;
				SWIFT_ACTIVE_COMPILATION_CONDITIONS = DEBUG;
				SWIFT_EMIT_LOC_STRINGS = YES;
				SWIFT_OPTIMIZATION_LEVEL = "-Onone";
				SWIFT_VERSION = 5.9;
			};
			name = Debug;
		};
		6C94744B406D49F37763DD88 /* Release */ = {
			isa = XCBuildConfiguration;
			buildSettings = {
				ALWAYS_SEARCH_USER_PATHS = NO;
				CLANG_ANALYZER_NONNULL = YES;
				CLANG_ANALYZER_NUMBER_OBJECT_CONVERSION = YES_AGGRESSIVE;
				CLANG_CXX_LANGUAGE_STANDARD = "gnu++14";
				CLANG_CXX_LIBRARY = "libc++";
				CLANG_ENABLE_MODULES = YES;
				CLANG_ENABLE_OBJC_ARC = YES;
				CLANG_ENABLE_OBJC_WEAK = YES;
				CLANG_WARN_BLOCK_CAPTURE_AUTORELEASING = YES;
				CLANG_WARN_BOOL_CONVERSION = YES;
				CLANG_WARN_COMMA = YES;
				CLANG_WARN_CONSTANT_CONVERSION = YES;
				CLANG_WARN_DEPRECATED_OBJC_IMPLEMENTATIONS = YES;
				CLANG_WARN_DIRECT_OBJC_ISA_USAGE = YES_ERROR;
				CLANG_WARN_DOCUMENTATION_COMMENTS = YES;
				CLANG_WARN_EMPTY_BODY = YES;
				CLANG_WARN_ENUM_CONVERSION = YES;
				CLANG_WARN_INFINITE_RECURSION = YES;
				CLANG_WARN_INT_CONVERSION = YES;
				CLANG_WARN_NON_LITERAL_NULL_CONVERSION = YES;
				CLANG_WARN_OBJC_IMPLICIT_RETAIN_SELF = YES;
				CLANG_WARN_OBJC_LITERAL_CONVERSION = YES;
				CLANG_WARN_OBJC_ROOT_CLASS = YES_ERROR;
				CLANG_WARN_QUOTED_INCLUDE_IN_FRAMEWORK_HEADER = YES;
				CLANG_WARN_RANGE_LOOP_ANALYSIS = YES;
				CLANG_WARN_STRICT_PROTOTYPES = YES;
				CLANG_WARN_SUSPICIOUS_MOVE = YES;
				CLANG_WARN_UNGUARDED_AVAILABILITY = YES_AGGRESSIVE;
				CLANG_WARN_UNREACHABLE_CODE = YES;
				CLANG_WARN__DUPLICATE_METHOD_MATCH = YES;
				COPY_PHASE_STRIP = NO;
				DEBUG_INFORMATION_FORMAT = "dwarf-with-dsym";
				ENABLE_NS_ASSERTIONS = NO;
				ENABLE_STRICT_OBJC_MSGSEND = YES;
				GCC_C_LANGUAGE_STANDARD = gnu11;
				GCC_NO_COMMON_BLOCKS = YES;
				GCC_WARN_64_TO_32_BIT_CONVERSION = YES;
				GCC_WARN_ABOUT_RETURN_TYPE = YES_ERROR;
				GCC_WARN_UNDECLARED_SELECTOR = YES;
				GCC_WARN_UNINITIALIZED_AUTOS = YES_AGGRESSIVE;
				GCC_WARN_UNUSED_FUNCTION = YES;
				GCC_WARN_UNUSED_VARIABLE = YES;
				MACOSX_DEPLOYMENT_TARGET = 14.0;
				MTL_ENABLE_DEBUG_INFO = NO;
				MTL_FAST_MATH = YES;
				PRODUCT_NAME = "$(TARGET_NAME)";
				SDKROOT = macosx;
				SWIFT_COMPILATION_MODE = wholemodule;
				SWIFT_OPTIMIZATION_LEVEL = "-O";
				SWIFT_VERSION = 5.0;
			};
			name = Release;
		};
		7AAEF37159C981E6BD4F19CB /* Release */ = {
			isa = XCBuildConfiguration;
			buildSettings = {
				ASSETCATALOG_COMPILER_GLOBAL_ACCENT_COLOR_NAME = AccentColor;
				ASSETCATALOG_COMPILER_WIDGET_BACKGROUND_COLOR_NAME = WidgetBackground;
				CODE_SIGN_ENTITLEMENTS = WidgetExtension.entitlements;
				CODE_SIGN_STYLE = Automatic;
				COMBINE_HIDPI_IMAGES = YES;
				COPY_PHASE_STRIP = NO;
				CURRENT_PROJECT_VERSION = 11;
				DEBUG_INFORMATION_FORMAT = "dwarf-with-dsym";
				DEVELOPMENT_TEAM = QGAQ3AY3R3;
				ENABLE_HARDENED_RUNTIME = YES;
				INFOPLIST_FILE = Widget/Info.plist;
				LD_RUNPATH_SEARCH_PATHS = (
					"$(inherited)",
					"@executable_path/../Frameworks",
					"@executable_path/../../../../Frameworks",
				);
				MACOSX_DEPLOYMENT_TARGET = 14.0;
				MARKETING_VERSION = 1.0.9;
				PRODUCT_BUNDLE_IDENTIFIER = com.leeo.StickyPresenter.Widget;
				PRODUCT_NAME = WidgetExtension;
				SDKROOT = macosx;
				SKIP_INSTALL = YES;
				SWIFT_OPTIMIZATION_LEVEL = "-O";
				SWIFT_VERSION = 5.9;
			};
			name = Release;
		};
		93C4389DC69FA5650A16B8C6 /* Debug */ = {
			isa = XCBuildConfiguration;
			buildSettings = {
				ASSETCATALOG_COMPILER_GLOBAL_ACCENT_COLOR_NAME = AccentColor;
				ASSETCATALOG_COMPILER_WIDGET_BACKGROUND_COLOR_NAME = WidgetBackground;
				CODE_SIGN_ENTITLEMENTS = WidgetExtension.entitlements;
				CODE_SIGN_STYLE = Automatic;
				COMBINE_HIDPI_IMAGES = YES;
				CURRENT_PROJECT_VERSION = 11;
				DEBUG_INFORMATION_FORMAT = dwarf;
				DEVELOPMENT_TEAM = QGAQ3AY3R3;
				ENABLE_HARDENED_RUNTIME = YES;
				INFOPLIST_FILE = Widget/Info.plist;
				LD_RUNPATH_SEARCH_PATHS = (
					"$(inherited)",
					"@executable_path/../Frameworks",
					"@executable_path/../../../../Frameworks",
				);
				MACOSX_DEPLOYMENT_TARGET = 14.0;
				MARKETING_VERSION = 1.0.9;
				PRODUCT_BUNDLE_IDENTIFIER = com.leeo.StickyPresenter.Widget;
				PRODUCT_NAME = WidgetExtension;
				SDKROOT = macosx;
				SKIP_INSTALL = YES;
				SWIFT_ACTIVE_COMPILATION_CONDITIONS = DEBUG;
				SWIFT_OPTIMIZATION_LEVEL = "-Onone";
				SWIFT_VERSION = 5.9;
			};
			name = Debug;
		};
		9A2D26DA5E311F91F5CB2613 /* Release */ = {
			isa = XCBuildConfiguration;
			buildSettings = {
				ASSETCATALOG_COMPILER_APPICON_NAME = AppIcon;
				CODE_SIGN_ENTITLEMENTS = StickyPresenter/StickyPresenter.entitlements;
				CODE_SIGN_STYLE = Automatic;
				COMBINE_HIDPI_IMAGES = YES;
				COPY_PHASE_STRIP = NO;
				DEBUG_INFORMATION_FORMAT = "dwarf-with-dsym";
				DEVELOPMENT_TEAM = QGAQ3AY3R3;
				ENABLE_APP_SANDBOX = NO;
				ENABLE_HARDENED_RUNTIME = YES;
				INFOPLIST_FILE = StickyPresenter/Info.plist;
				LD_RUNPATH_SEARCH_PATHS = (
					"$(inherited)",
					"@executable_path/../Frameworks",
				);
				MACOSX_DEPLOYMENT_TARGET = 14.0;
				PRODUCT_BUNDLE_IDENTIFIER = com.leeo.StickyPresenter;
				SDKROOT = macosx;
				SWIFT_EMIT_LOC_STRINGS = YES;
				SWIFT_OPTIMIZATION_LEVEL = "-O";
				SWIFT_VERSION = 5.9;
			};
			name = Release;
		};
		AA32BC10683C9CED54488CDB /* Debug */ = {
			isa = XCBuildConfiguration;
			buildSettings = {
				ALWAYS_SEARCH_USER_PATHS = NO;
				CLANG_ANALYZER_NONNULL = YES;
				CLANG_ANALYZER_NUMBER_OBJECT_CONVERSION = YES_AGGRESSIVE;
				CLANG_CXX_LANGUAGE_STANDARD = "gnu++14";
				CLANG_CXX_LIBRARY = "libc++";
				CLANG_ENABLE_MODULES = YES;
				CLANG_ENABLE_OBJC_ARC = YES;
				CLANG_ENABLE_OBJC_WEAK = YES;
				CLANG_WARN_BLOCK_CAPTURE_AUTORELEASING = YES;
				CLANG_WARN_BOOL_CONVERSION = YES;
				CLANG_WARN_COMMA = YES;
				CLANG_WARN_CONSTANT_CONVERSION = YES;
				CLANG_WARN_DEPRECATED_OBJC_IMPLEMENTATIONS = YES;
				CLANG_WARN_DIRECT_OBJC_ISA_USAGE = YES_ERROR;
				CLANG_WARN_DOCUMENTATION_COMMENTS = YES;
				CLANG_WARN_EMPTY_BODY = YES;
				CLANG_WARN_ENUM_CONVERSION = YES;
				CLANG_WARN_INFINITE_RECURSION = YES;
				CLANG_WARN_INT_CONVERSION = YES;
				CLANG_WARN_NON_LITERAL_NULL_CONVERSION = YES;
				CLANG_WARN_OBJC_IMPLICIT_RETAIN_SELF = YES;
				CLANG_WARN_OBJC_LITERAL_CONVERSION = YES;
				CLANG_WARN_OBJC_ROOT_CLASS = YES_ERROR;
				CLANG_WARN_QUOTED_INCLUDE_IN_FRAMEWORK_HEADER = YES;
				CLANG_WARN_RANGE_LOOP_ANALYSIS = YES;
				CLANG_WARN_STRICT_PROTOTYPES = YES;
				CLANG_WARN_SUSPICIOUS_MOVE = YES;
				CLANG_WARN_UNGUARDED_AVAILABILITY = YES_AGGRESSIVE;
				CLANG_WARN_UNREACHABLE_CODE = YES;
				CLANG_WARN__DUPLICATE_METHOD_MATCH = YES;
				COPY_PHASE_STRIP = NO;
				DEBUG_INFORMATION_FORMAT = dwarf;
				ENABLE_STRICT_OBJC_MSGSEND = YES;
				ENABLE_TESTABILITY = YES;
				GCC_C_LANGUAGE_STANDARD = gnu11;
				GCC_DYNAMIC_NO_PIC = NO;
				GCC_NO_COMMON_BLOCKS = YES;
				GCC_OPTIMIZATION_LEVEL = 0;
				GCC_PREPROCESSOR_DEFINITIONS = (
					"$(inherited)",
					"DEBUG=1",
				);
				GCC_WARN_64_TO_32_BIT_CONVERSION = YES;
				GCC_WARN_ABOUT_RETURN_TYPE = YES_ERROR;
				GCC_WARN_UNDECLARED_SELECTOR = YES;
				GCC_WARN_UNINITIALIZED_AUTOS = YES_AGGRESSIVE;
				GCC_WARN_UNUSED_FUNCTION = YES;
				GCC_WARN_UNUSED_VARIABLE = YES;
				MACOSX_DEPLOYMENT_TARGET = 14.0;
				MTL_ENABLE_DEBUG_INFO = INCLUDE_SOURCE;
				MTL_FAST_MATH = YES;
				ONLY_ACTIVE_ARCH = YES;
				PRODUCT_NAME = "$(TARGET_NAME)";
				SDKROOT = macosx;
				SWIFT_ACTIVE_COMPILATION_CONDITIONS = DEBUG;
				SWIFT_OPTIMIZATION_LEVEL = "-Onone";
				SWIFT_VERSION = 5.0;
			};
			name = Debug;
		};
/* End XCBuildConfiguration section */

/* Begin XCConfigurationList section */
		1B7691E65272FF4D9887FDB4 /* Build configuration list for PBXNativeTarget "WidgetExtension" */ = {
			isa = XCConfigurationList;
			buildConfigurations = (
				93C4389DC69FA5650A16B8C6 /* Debug */,
				7AAEF37159C981E6BD4F19CB /* Release */,
			);
			defaultConfigurationIsVisible = 0;
			defaultConfigurationName = Debug;
		};
		68049B4B9F0D2A5E0338C590 /* Build configuration list for PBXProject "StickyPresenter" */ = {
			isa = XCConfigurationList;
			buildConfigurations = (
				AA32BC10683C9CED54488CDB /* Debug */,
				6C94744B406D49F37763DD88 /* Release */,
			);
			defaultConfigurationIsVisible = 0;
			defaultConfigurationName = Debug;
		};
		E915D4E9C715945511F0DDAB /* Build configuration list for PBXNativeTarget "StickyPresenter" */ = {
			isa = XCConfigurationList;
			buildConfigurations = (
				61589A6A844DBA4D2E70611E /* Debug */,
				9A2D26DA5E311F91F5CB2613 /* Release */,
			);
			defaultConfigurationIsVisible = 0;
			defaultConfigurationName = Debug;
		};
/* End XCConfigurationList section */

/* Begin XCRemoteSwiftPackageReference section */
		A84C16C6E41292AE50884A0D /* XCRemoteSwiftPackageReference "LeeoKit" */ = {
			isa = XCRemoteSwiftPackageReference;
			repositoryURL = "https://github.com/M1zz/LeeoKit.git";
			requirement = {
				kind = upToNextMajorVersion;
				minimumVersion = 2.6.0;
			};
		};
/* End XCRemoteSwiftPackageReference section */

/* Begin XCSwiftPackageProductDependency section */
		9205B987B4BB72ED1752239A /* LeeoKit */ = {
			isa = XCSwiftPackageProductDependency;
			package = A84C16C6E41292AE50884A0D /* XCRemoteSwiftPackageReference "LeeoKit" */;
			productName = LeeoKit;
		};
/* End XCSwiftPackageProductDependency section */
	};
	rootObject = 82FC3E309B7A314612293C39 /* Project object */;
}
